
Microsoft Visual Studio Solution File, Format Version 12.00
Project("{FAE04EC0-301F-11D3-BF4B-00C04F79EFBC}") = "MixrSharp", "MixrSharp\MixrSharp.csproj", "{06168308-8626-446B-9100-0C84F69DC4F7}"
EndProject
Project("{FAE04EC0-301F-11D3-BF4B-00C04F79EFBC}") = "MixrSharp.Test", "MixrSharp.Test\MixrSharp.Test.csproj", "{9760B19C-B5B5-482D-8B11-2DFF6C82C57B}"
EndProject
Global
	GlobalSection(SolutionConfigurationPlatforms) = preSolution
		Debug|Any CPU = Debug|Any CPU
		Release|Any CPU = Release|Any CPU
	EndGlobalSection
	GlobalSection(ProjectConfigurationPlatforms) = postSolution
		{06168308-8626-446B-9100-0C84F69DC4F7}.Debug|Any CPU.ActiveCfg = Debug|Any CPU
		{06168308-8626-446B-9100-0C84F69DC4F7}.Debug|Any CPU.Build.0 = Debug|Any CPU
		{06168308-8626-446B-9100-0C84F69DC4F7}.Release|Any CPU.ActiveCfg = Release|Any CPU
		{06168308-8626-446B-9100-0C84F69DC4F7}.Release|Any CPU.Build.0 = Release|Any CPU
		{9760B19C-B5B5-482D-8B11-2DFF6C82C57B}.Debug|Any CPU.ActiveCfg = Debug|Any CPU
		{9760B19C-B5B5-482D-8B11-2DFF6C82C57B}.Debug|Any CPU.Build.0 = Debug|Any CPU
		{9760B19C-B5B5-482D-8B11-2DFF6C82C57B}.Release|Any CPU.ActiveCfg = Release|Any CPU
		{9760B19C-B5B5-482D-8B11-2DFF6C82C57B}.Release|Any CPU.Build.0 = Release|Any CPU
	EndGlobalSection
EndGlobal
